
Microsoft Visual Studio Solution File, Format Version 12.00
# Visual Studio Version 17
VisualStudioVersion = 17.0.32014.148
MinimumVisualStudioVersion = 10.0.40219.1
Project("{FAE04EC0-301F-11D3-BF4B-00C04F79EFBC}") = "Log", "Log\Log.csproj", "{5B7589F5-D75A-4648-AFAA-2B6BAA831392}"
EndProject
Global
	GlobalSection(SolutionConfigurationPlatforms) = preSolution
		Debug|Any CPU = Debug|Any CPU
		Release|Any CPU = Release|Any CPU
	EndGlobalSection
	GlobalSection(ProjectConfigurationPlatforms) = postSolution
		{5B7589F5-D75A-4648-AFAA-2B6BAA831392}.Debug|Any CPU.ActiveCfg = Debug|Any CPU
		{5B7589F5-D75A-4648-AFAA-2B6BAA831392}.Debug|Any CPU.Build.0 = Debug|Any CPU
		{5B7589F5-D75A-4648-AFAA-2B6BAA831392}.Release|Any CPU.ActiveCfg = Release|Any CPU
		{5B7589F5-D75A-4648-AFAA-2B6BAA831392}.Release|Any CPU.Build.0 = Release|Any CPU
	EndGlobalSection
	GlobalSection(SolutionProperties) = preSolution
		HideSolutionNode = FALSE
	EndGlobalSection
	GlobalSection(ExtensibilityGlobals) = postSolution
		SolutionGuid = {D4FAC96B-2833-46F3-AF2C-FE657AB867F1}
	EndGlobalSection
EndGlobal
